{"is_source_file": false, "format": "", "description": "", "external_files": [], "external_methods": [], "published": [], "classes": [], "methods": [], "calls": [], "search-terms": [], "state": 2, "file_id": 20, "knowledge_revision": 57, "git_revision": "ee181d95eaf021a20515f66f742d6d5558b42a32", "hash": "e9b4c3b42cef0193b7fddb548d37e652", "format-version": 4, "code-base-name": "default", "filename": "travel_smart_hub/post_process_status.lock", "revision_history": [{"57": "ee181d95eaf021a20515f66f742d6d5558b42a32"}]}